// !$*UTF8*$!
{
	archiveVersion = 1;
	classes = {
	};
	objectVersion = 56;
	objects = {

/* Begin PBXBuildFile section */
		1CB391102B0EBE1E00507A19 /* mealplannerApp.swift in Sources */ = {isa = PBXBuildFile; fileRef = 1CB3910F2B0EBE1E00507A19 /* mealplannerApp.swift */; };
		1CB391122B0EBE1E00507A19 /* ContentView.swift in Sources */ = {isa = PBXBuildFile; fileRef = 1CB391112B0EBE1E00507A19 /* ContentView.swift */; };
		1CB391142B0EBE2000507A19 /* Assets.xcassets in Resources */ = {isa = PBXBuildFile; fileRef = 1CB391132B0EBE2000507A19 /* Assets.xcassets */; };
		1CB391172B0EBE2000507A19 /* Preview Assets.xcassets in Resources */ = {isa = PBXBuildFile; fileRef = 1CB391162B0EBE2000507A19 /* Preview Assets.xcassets */; };
		1CB391212B0EBE2000507A19 /* mealplannerTests.swift in Sources */ = {isa = PBXBuildFile; fileRef = 1CB391202B0EBE2000507A19 /* mealplannerTests.swift */; };
		1CB3912B2B0EBE2000507A19 /* mealplannerUITests.swift in Sources */ = {isa = PBXBuildFile; fileRef = 1CB3912A2B0EBE2000507A19 /* mealplannerUITests.swift */; };
		1CB3912D2B0EBE2000507A19 /* mealplannerUITestsLaunchTests.swift in Sources */ = {isa = PBXBuildFile; fileRef = 1CB3912C2B0EBE2000507A19 /* mealplannerUITestsLaunchTests.swift */; };
/* End PBXBuildFile section */

/* Begin PBXContainerItemProxy section */
		1CB3911D2B0EBE2000507A19 /* PBXContainerItemProxy */ = {
			isa = PBXContainerItemProxy;
			containerPortal = 1CB391042B0EBE1E00507A19 /* Project object */;
			proxyType = 1;
			remoteGlobalIDString = 1CB3910B2B0EBE1E00507A19;
			remoteInfo = mealplanner;
		};
		1CB391272B0EBE2000507A19 /* PBXContainerItemProxy */ = {
			isa = PBXContainerItemProxy;
			containerPortal = 1CB391042B0EBE1E00507A19 /* Project object */;
			proxyType = 1;
			remoteGlobalIDString = 1CB3910B2B0EBE1E00507A19;
			remoteInfo = mealplanner;
		};
/* End PBXContainerItemProxy section */

/* Begin PBXFileReference section */
		1CB3910C2B0EBE1E00507A19 /* mealplanner.app */ = {isa = PBXFileReference; explicitFileType = wrapper.application; includeInIndex = 0; path = mealplanner.app; sourceTree = BUILT_PRODUCTS_DIR; };
		1CB3910F2B0EBE1E00507A19 /* mealplannerApp.swift */ = {isa = PBXFileReference; lastKnownFileType = sourcecode.swift; path = mealplannerApp.swift; sourceTree = "<group>"; };
		1CB391112B0EBE1E00507A19 /* ContentView.swift */ = {isa = PBXFileReference; lastKnownFileType = sourcecode.swift; path = ContentView.swift; sourceTree = "<group>"; };
		1CB391132B0EBE2000507A19 /* Assets.xcassets */ = {isa = PBXFileReference; lastKnownFileType = folder.assetcatalog; path = Assets.xcassets; sourceTree = "<group>"; };
		1CB391162B0EBE2000507A19 /* Preview Assets.xcassets */ = {isa = PBXFileReference; lastKnownFileType = folder.assetcatalog; path = "Preview Assets.xcassets"; sourceTree = "<group>"; };
		1CB3911C2B0EBE2000507A19 /* mealplannerTests.xctest */ = {isa = PBXFileReference; explicitFileType = wrapper.cfbundle; includeInIndex = 0; path = mealplannerTests.xctest; sourceTree = BUILT_PRODUCTS_DIR; };
		1CB391202B0EBE2000507A19 /* mealplannerTests.swift */ = {isa = PBXFileReference; lastKnownFileType = sourcecode.swift; path = mealplannerTests.swift; sourceTree = "<group>"; };
		1CB391262B0EBE2000507A19 /* mealplannerUITests.xctest */ = {isa = PBXFileReference; explicitFileType = wrapper.cfbundle; includeInIndex = 0; path = mealplannerUITests.xctest; sourceTree = BUILT_PRODUCTS_DIR; };
		1CB3912A2B0EBE2000507A19 /* mealplannerUITests.swift */ = {isa = PBXFileReference; lastKnownFileType = sourcecode.swift; path = mealplannerUITests.swift; sourceTree = "<group>"; };
		1CB3912C2B0EBE2000507A19 /* mealplannerUITestsLaunchTests.swift */ = {isa = PBXFileReference; lastKnownFileType = sourcecode.swift; path = mealplannerUITestsLaunchTests.swift; sourceTree = "<group>"; };
/* End PBXFileReference section */

/* Begin PBXFrameworksBuildPhase section */
		1CB391092B0EBE1E00507A19 /* Frameworks */ = {
			isa = PBXFrameworksBuildPhase;
			buildActionMask = 2147483647;
			files = (
			);
			runOnlyForDeploymentPostprocessing = 0;
		};
		1CB391192B0EBE2000507A19 /* Frameworks */ = {
			isa = PBXFrameworksBuildPhase;
			buildActionMask = 2147483647;
			files = (
			);
			runOnlyForDeploymentPostprocessing = 0;
		};
		1CB391232B0EBE2000507A19 /* Frameworks */ = {
			isa = PBXFrameworksBuildPhase;
			buildActionMask = 2147483647;
			files = (
			);
			runOnlyForDeploymentPostprocessing = 0;
		};
/* End PBXFrameworksBuildPhase section */

/* Begin PBXGroup section */
		1CB391032B0EBE1E00507A19 = {
			isa = PBXGroup;
			children = (
				1CB3910E2B0EBE1E00507A19 /* mealplanner */,
				1CB3911F2B0EBE2000507A19 /* mealplannerTests */,
				1CB391292B0EBE2000507A19 /* mealplannerUITests */,
				1CB3910D2B0EBE1E00507A19 /* Products */,
			);
			sourceTree = "<group>";
		};
		1CB3910D2B0EBE1E00507A19 /* Products */ = {
			isa = PBXGroup;
			children = (
				1CB3910C2B0EBE1E00507A19 /* mealplanner.app */,
				1CB3911C2B0EBE2000507A19 /* mealplannerTests.xctest */,
				1CB391262B0EBE2000507A19 /* mealplannerUITests.xctest */,
			);
			name = Products;
			sourceTree = "<group>";
		};
		1CB3910E2B0EBE1E00507A19 /* mealplanner */ = {
			isa = PBXGroup;
			children = (
				1CB3910F2B0EBE1E00507A19 /* mealplannerApp.swift */,
				1CB391112B0EBE1E00507A19 /* ContentView.swift */,
				1CB391132B0EBE2000507A19 /* Assets.xcassets */,
				1CB391152B0EBE2000507A19 /* Preview Content */,
			);
			path = mealplanner;
			sourceTree = "<group>";
		};
		1CB391152B0EBE2000507A19 /* Preview Content */ = {
			isa = PBXGroup;
			children = (
				1CB391162B0EBE2000507A19 /* Preview Assets.xcassets */,
			);
			path = "Preview Content";
			sourceTree = "<group>";
		};
		1CB3911F2B0EBE2000507A19 /* mealplannerTests */ = {
			isa = PBXGroup;
			children = (
				1CB391202B0EBE2000507A19 /* mealplannerTests.swift */,
			);
			path = mealplannerTests;
			sourceTree = "<group>";
		};
		1CB391292B0EBE2000507A19 /* mealplannerUITests */ = {
			isa = PBXGroup;
			children = (
				1CB3912A2B0EBE2000507A19 /* mealplannerUITests.swift */,
				1CB3912C2B0EBE2000507A19 /* mealplannerUITestsLaunchTests.swift */,
			);
			path = mealplannerUITests;
			sourceTree = "<group>";
		};
/* End PBXGroup section */

/* Begin PBXNativeTarget section */
		1CB3910B2B0EBE1E00507A19 /* mealplanner */ = {
			isa = PBXNativeTarget;
			buildConfigurationList = 1CB391302B0EBE2000507A19 /* Build configuration list for PBXNativeTarget "mealplanner" */;
			buildPhases = (
				1CB391082B0EBE1E00507A19 /* Sources */,
				1CB391092B0EBE1E00507A19 /* Frameworks */,
				1CB3910A2B0EBE1E00507A19 /* Resources */,
			);
			buildRules = (
			);
			dependencies = (
			);
			name = mealplanner;
			productName = mealplanner;
			productReference = 1CB3910C2B0EBE1E00507A19 /* mealplanner.app */;
			productType = "com.apple.product-type.application";
		};
		1CB3911B2B0EBE2000507A19 /* mealplannerTests */ = {
			isa = PBXNativeTarget;
			buildConfigurationList = 1CB391332B0EBE2000507A19 /* Build configuration list for PBXNativeTarget "mealplannerTests" */;
			buildPhases = (
				1CB391182B0EBE2000507A19 /* Sources */,
				1CB391192B0EBE2000507A19 /* Frameworks */,
				1CB3911A2B0EBE2000507A19 /* Resources */,
			);
			buildRules = (
			);
			dependencies = (
				1CB3911E2B0EBE2000507A19 /* PBXTargetDependency */,
			);
			name = mealplannerTests;
			productName = mealplannerTests;
			productReference = 1CB3911C2B0EBE2000507A19 /* mealplannerTests.xctest */;
			productType = "com.apple.product-type.bundle.unit-test";
		};
		1CB391252B0EBE2000507A19 /* mealplannerUITests */ = {
			isa = PBXNativeTarget;
			buildConfigurationList = 1CB391362B0EBE2000507A19 /* Build configuration list for PBXNativeTarget "mealplannerUITests" */;
			buildPhases = (
				1CB391222B0EBE2000507A19 /* Sources */,
				1CB391232B0EBE2000507A19 /* Frameworks */,
				1CB391242B0EBE2000507A19 /* Resources */,
			);
			buildRules = (
			);
			dependencies = (
				1CB391282B0EBE2000507A19 /* PBXTargetDependency */,
			);
			name = mealplannerUITests;
			productName = mealplannerUITests;
			productReference = 1CB391262B0EBE2000507A19 /* mealplannerUITests.xctest */;
			productType = "com.apple.product-type.bundle.ui-testing";
		};
/* End PBXNativeTarget section */

/* Begin PBXProject section */
		1CB391042B0EBE1E00507A19 /* Project object */ = {
			isa = PBXProject;
			attributes = {
				BuildIndependentTargetsInParallel = 1;
				LastSwiftUpdateCheck = 1500;
				LastUpgradeCheck = 1500;
				TargetAttributes = {
					1CB3910B2B0EBE1E00507A19 = {
						CreatedOnToolsVersion = 15.0.1;
					};
					1CB3911B2B0EBE2000507A19 = {
						CreatedOnToolsVersion = 15.0.1;
						TestTargetID = 1CB3910B2B0EBE1E00507A19;
					};
					1CB391252B0EBE2000507A19 = {
						CreatedOnToolsVersion = 15.0.1;
						TestTargetID = 1CB3910B2B0EBE1E00507A19;
					};
				};
			};
			buildConfigurationList = 1CB391072B0EBE1E00507A19 /* Build configuration list for PBXProject "mealplanner" */;
			compatibilityVersion = "Xcode 14.0";
			developmentRegion = en;
			hasScannedForEncodings = 0;
			knownRegions = (
				en,
				Base,
			);
			mainGroup = 1CB391032B0EBE1E00507A19;
			productRefGroup = 1CB3910D2B0EBE1E00507A19 /* Products */;
			projectDirPath = "";
			projectRoot = "";
			targets = (
				1CB3910B2B0EBE1E00507A19 /* mealplanner */,
				1CB3911B2B0EBE2000507A19 /* mealplannerTests */,
				1CB391252B0EBE2000507A19 /* mealplannerUITests */,
			);
		};
/* End PBXProject section */

/* Begin PBXResourcesBuildPhase section */
		1CB3910A2B0EBE1E00507A19 /* Resources */ = {
			isa = PBXResourcesBuildPhase;
			buildActionMask = 2147483647;
			files = (
				1CB391172B0EBE2000507A19 /* Preview Assets.xcassets in Resources */,
				1CB391142B0EBE2000507A19 /* Assets.xcassets in Resources */,
			);
			runOnlyForDeploymentPostprocessing = 0;
		};
		1CB3911A2B0EBE2000507A19 /* Resources */ = {
			isa = PBXResourcesBuildPhase;
			buildActionMask = 2147483647;
			files = (
			);
			runOnlyForDeploymentPostprocessing = 0;
		};
		1CB391242B0EBE2000507A19 /* Resources */ = {
			isa = PBXResourcesBuildPhase;
			buildActionMask = 2147483647;
			files = (
			);
			runOnlyForDeploymentPostprocessing = 0;
		};
/* End PBXResourcesBuildPhase section */

/* Begin PBXSourcesBuildPhase section */
		1CB391082B0EBE1E00507A19 /* Sources */ = {
			isa = PBXSourcesBuildPhase;
			buildActionMask = 2147483647;
			files = (
				1CB391122B0EBE1E00507A19 /* ContentView.swift in Sources */,
				1CB391102B0EBE1E00507A19 /* mealplannerApp.swift in Sources */,
			);
			runOnlyForDeploymentPostprocessing = 0;
		};
		1CB391182B0EBE2000507A19 /* Sources */ = {
			isa = PBXSourcesBuildPhase;
			buildActionMask = 2147483647;
			files = (
				1CB391212B0EBE2000507A19 /* mealplannerTests.swift in Sources */,
			);
			runOnlyForDeploymentPostprocessing = 0;
		};
		1CB391222B0EBE2000507A19 /* Sources */ = {
			isa = PBXSourcesBuildPhase;
			buildActionMask = 2147483647;
			files = (
				1CB3912D2B0EBE2000507A19 /* mealplannerUITestsLaunchTests.swift in Sources */,
				1CB3912B2B0EBE2000507A19 /* mealplannerUITests.swift in Sources */,
			);
			runOnlyForDeploymentPostprocessing = 0;
		};
/* End PBXSourcesBuildPhase section */

/* Begin PBXTargetDependency section */
		1CB3911E2B0EBE2000507A19 /* PBXTargetDependency */ = {
			isa = PBXTargetDependency;
			target = 1CB3910B2B0EBE1E00507A19 /* mealplanner */;
			targetProxy = 1CB3911D2B0EBE2000507A19 /* PBXContainerItemProxy */;
		};
		1CB391282B0EBE2000507A19 /* PBXTargetDependency */ = {
			isa = PBXTargetDependency;
			target = 1CB3910B2B0EBE1E00507A19 /* mealplanner */;
			targetProxy = 1CB391272B0EBE2000507A19 /* PBXContainerItemProxy */;
		};
/* End PBXTargetDependency section */

/* Begin XCBuildConfiguration section */
		1CB3912E2B0EBE2000507A19 /* Debug */ = {
			isa = XCBuildConfiguration;
			buildSettings = {
				ALWAYS_SEARCH_USER_PATHS = NO;
				ASSETCATALOG_COMPILER_GENERATE_SWIFT_ASSET_SYMBOL_EXTENSIONS = YES;
				CLANG_ANALYZER_NONNULL = YES;
				CLANG_ANALYZER_NUMBER_OBJECT_CONVERSION = YES_AGGRESSIVE;
				CLANG_CXX_LANGUAGE_STANDARD = "gnu++20";
				CLANG_ENABLE_MODULES = YES;
				CLANG_ENABLE_OBJC_ARC = YES;
				CLANG_ENABLE_OBJC_WEAK = YES;
				CLANG_WARN_BLOCK_CAPTURE_AUTORELEASING = YES;
				CLANG_WARN_BOOL_CONVERSION = YES;
				CLANG_WARN_COMMA = YES;
				CLANG_WARN_CONSTANT_CONVERSION = YES;
				CLANG_WARN_DEPRECATED_OBJC_IMPLEMENTATIONS = YES;
				CLANG_WARN_DIRECT_OBJC_ISA_USAGE = YES_ERROR;
				CLANG_WARN_DOCUMENTATION_COMMENTS = YES;
				CLANG_WARN_EMPTY_BODY = YES;
				CLANG_WARN_ENUM_CONVERSION = YES;
				CLANG_WARN_INFINITE_RECURSION = YES;
				CLANG_WARN_INT_CONVERSION = YES;
				CLANG_WARN_NON_LITERAL_NULL_CONVERSION = YES;
				CLANG_WARN_OBJC_IMPLICIT_RETAIN_SELF = YES;
				CLANG_WARN_OBJC_LITERAL_CONVERSION = YES;
				CLANG_WARN_OBJC_ROOT_CLASS = YES_ERROR;
				CLANG_WARN_QUOTED_INCLUDE_IN_FRAMEWORK_HEADER = YES;
				CLANG_WARN_RANGE_LOOP_ANALYSIS = YES;
				CLANG_WARN_STRICT_PROTOTYPES = YES;
				CLANG_WARN_SUSPICIOUS_MOVE = YES;
				CLANG_WARN_UNGUARDED_AVAILABILITY = YES_AGGRESSIVE;
				CLANG_WARN_UNREACHABLE_CODE = YES;
				CLANG_WARN__DUPLICATE_METHOD_MATCH = YES;
				COPY_PHASE_STRIP = NO;
				DEBUG_INFORMATION_FORMAT = dwarf;
				ENABLE_STRICT_OBJC_MSGSEND = YES;
				ENABLE_TESTABILITY = YES;
				ENABLE_USER_SCRIPT_SANDBOXING = YES;
				GCC_C_LANGUAGE_STANDARD = gnu17;
				GCC_DYNAMIC_NO_PIC = NO;
				GCC_NO_COMMON_BLOCKS = YES;
				GCC_OPTIMIZATION_LEVEL = 0;
				GCC_PREPROCESSOR_DEFINITIONS = (
					"DEBUG=1",
					"$(inherited)",
				);
				GCC_WARN_64_TO_32_BIT_CONVERSION = YES;
				GCC_WARN_ABOUT_RETURN_TYPE = YES_ERROR;
				GCC_WARN_UNDECLARED_SELECTOR = YES;
				GCC_WARN_UNINITIALIZED_AUTOS = YES_AGGRESSIVE;
				GCC_WARN_UNUSED_FUNCTION = YES;
				GCC_WARN_UNUSED_VARIABLE = YES;
				IPHONEOS_DEPLOYMENT_TARGET = 17.0;
				LOCALIZATION_PREFERS_STRING_CATALOGS = YES;
				MTL_ENABLE_DEBUG_INFO = INCLUDE_SOURCE;
				MTL_FAST_MATH = YES;
				ONLY_ACTIVE_ARCH = YES;
				SDKROOT = iphoneos;
				SWIFT_ACTIVE_COMPILATION_CONDITIONS = "DEBUG $(inherited)";
				SWIFT_OPTIMIZATION_LEVEL = "-Onone";
			};
			name = Debug;
		};
		1CB3912F2B0EBE2000507A19 /* Release */ = {
			isa = XCBuildConfiguration;
			buildSettings = {
				ALWAYS_SEARCH_USER_PATHS = NO;
				ASSETCATALOG_COMPILER_GENERATE_SWIFT_ASSET_SYMBOL_EXTENSIONS = YES;
				CLANG_ANALYZER_NONNULL = YES;
				CLANG_ANALYZER_NUMBER_OBJECT_CONVERSION = YES_AGGRESSIVE;
				CLANG_CXX_LANGUAGE_STANDARD = "gnu++20";
				CLANG_ENABLE_MODULES = YES;
				CLANG_ENABLE_OBJC_ARC = YES;
				CLANG_ENABLE_OBJC_WEAK = YES;
				CLANG_WARN_BLOCK_CAPTURE_AUTORELEASING = YES;
				CLANG_WARN_BOOL_CONVERSION = YES;
				CLANG_WARN_COMMA = YES;
				CLANG_WARN_CONSTANT_CONVERSION = YES;
				CLANG_WARN_DEPRECATED_OBJC_IMPLEMENTATIONS = YES;
				CLANG_WARN_DIRECT_OBJC_ISA_USAGE = YES_ERROR;
				CLANG_WARN_DOCUMENTATION_COMMENTS = YES;
				CLANG_WARN_EMPTY_BODY = YES;
				CLANG_WARN_ENUM_CONVERSION = YES;
				CLANG_WARN_INFINITE_RECURSION = YES;
				CLANG_WARN_INT_CONVERSION = YES;
				CLANG_WARN_NON_LITERAL_NULL_CONVERSION = YES;
				CLANG_WARN_OBJC_IMPLICIT_RETAIN_SELF = YES;
				CLANG_WARN_OBJC_LITERAL_CONVERSION = YES;
				CLANG_WARN_OBJC_ROOT_CLASS = YES_ERROR;
				CLANG_WARN_QUOTED_INCLUDE_IN_FRAMEWORK_HEADER = YES;
				CLANG_WARN_RANGE_LOOP_ANALYSIS = YES;
				CLANG_WARN_STRICT_PROTOTYPES = YES;
				CLANG_WARN_SUSPICIOUS_MOVE = YES;
				CLANG_WARN_UNGUARDED_AVAILABILITY = YES_AGGRESSIVE;
				CLANG_WARN_UNREACHABLE_CODE = YES;
				CLANG_WARN__DUPLICATE_METHOD_MATCH = YES;
				COPY_PHASE_STRIP = NO;
				DEBUG_INFORMATION_FORMAT = "dwarf-with-dsym";
				ENABLE_NS_ASSERTIONS = NO;
				ENABLE_STRICT_OBJC_MSGSEND = YES;
				ENABLE_USER_SCRIPT_SANDBOXING = YES;
				GCC_C_LANGUAGE_STANDARD = gnu17;
				GCC_NO_COMMON_BLOCKS = YES;
				GCC_WARN_64_TO_32_BIT_CONVERSION = YES;
				GCC_WARN_ABOUT_RETURN_TYPE = YES_ERROR;
				GCC_WARN_UNDECLARED_SELECTOR = YES;
				GCC_WARN_UNINITIALIZED_AUTOS = YES_AGGRESSIVE;
				GCC_WARN_UNUSED_FUNCTION = YES;
				GCC_WARN_UNUSED_VARIABLE = YES;
				IPHONEOS_DEPLOYMENT_TARGET = 17.0;
				LOCALIZATION_PREFERS_STRING_CATALOGS = YES;
				MTL_ENABLE_DEBUG_INFO = NO;
				MTL_FAST_MATH = YES;
				SDKROOT = iphoneos;
				SWIFT_COMPILATION_MODE = wholemodule;
				VALIDATE_PRODUCT = YES;
			};
			name = Release;
		};
		1CB391312B0EBE2000507A19 /* Debug */ = {
			isa = XCBuildConfiguration;
			buildSettings = {
				ASSETCATALOG_COMPILER_APPICON_NAME = AppIcon;
				ASSETCATALOG_COMPILER_GLOBAL_ACCENT_COLOR_NAME = AccentColor;
				CODE_SIGN_STYLE = Automatic;
				CURRENT_PROJECT_VERSION = 1;
				DEVELOPMENT_ASSET_PATHS = "\"mealplanner/Preview Content\"";
				DEVELOPMENT_TEAM = 54DMQ6RQ3C;
				ENABLE_PREVIEWS = YES;
				GENERATE_INFOPLIST_FILE = YES;
				INFOPLIST_KEY_UIApplicationSceneManifest_Generation = YES;
				INFOPLIST_KEY_UIApplicationSupportsIndirectInputEvents = YES;
				INFOPLIST_KEY_UILaunchScreen_Generation = YES;
				INFOPLIST_KEY_UISupportedInterfaceOrientations_iPad = "UIInterfaceOrientationPortrait UIInterfaceOrientationPortraitUpsideDown UIInterfaceOrientationLandscapeLeft UIInterfaceOrientationLandscapeRight";
				INFOPLIST_KEY_UISupportedInterfaceOrientations_iPhone = "UIInterfaceOrientationPortrait UIInterfaceOrientationLandscapeLeft UIInterfaceOrientationLandscapeRight";
				LD_RUNPATH_SEARCH_PATHS = (
					"$(inherited)",
					"@executable_path/Frameworks",
				);
				MARKETING_VERSION = 1.0;
				PRODUCT_BUNDLE_IDENTIFIER = square.mealplanner;
				PRODUCT_NAME = "$(TARGET_NAME)";
				SWIFT_EMIT_LOC_STRINGS = YES;
				SWIFT_VERSION = 5.0;
				TARGETED_DEVICE_FAMILY = "1,2";
			};
			name = Debug;
		};
		1CB391322B0EBE2000507A19 /* Release */ = {
			isa = XCBuildConfiguration;
			buildSettings = {
				ASSETCATALOG_COMPILER_APPICON_NAME = AppIcon;
				ASSETCATALOG_COMPILER_GLOBAL_ACCENT_COLOR_NAME = AccentColor;
				CODE_SIGN_STYLE = Automatic;
				CURRENT_PROJECT_VERSION = 1;
				DEVELOPMENT_ASSET_PATHS = "\"mealplanner/Preview Content\"";
				DEVELOPMENT_TEAM = 54DMQ6RQ3C;
				ENABLE_PREVIEWS = YES;
				GENERATE_INFOPLIST_FILE = YES;
				INFOPLIST_KEY_UIApplicationSceneManifest_Generation = YES;
				INFOPLIST_KEY_UIApplicationSupportsIndirectInputEvents = YES;
				INFOPLIST_KEY_UILaunchScreen_Generation = YES;
				INFOPLIST_KEY_UISupportedInterfaceOrientations_iPad = "UIInterfaceOrientationPortrait UIInterfaceOrientationPortraitUpsideDown UIInterfaceOrientationLandscapeLeft UIInterfaceOrientationLandscapeRight";
				INFOPLIST_KEY_UISupportedInterfaceOrientations_iPhone = "UIInterfaceOrientationPortrait UIInterfaceOrientationLandscapeLeft UIInterfaceOrientationLandscapeRight";
				LD_RUNPATH_SEARCH_PATHS = (
					"$(inherited)",
					"@executable_path/Frameworks",
				);
				MARKETING_VERSION = 1.0;
				PRODUCT_BUNDLE_IDENTIFIER = square.mealplanner;
				PRODUCT_NAME = "$(TARGET_NAME)";
				SWIFT_EMIT_LOC_STRINGS = YES;
				SWIFT_VERSION = 5.0;
				TARGETED_DEVICE_FAMILY = "1,2";
			};
			name = Release;
		};
		1CB391342B0EBE2000507A19 /* Debug */ = {
			isa = XCBuildConfiguration;
			buildSettings = {
				ALWAYS_EMBED_SWIFT_STANDARD_LIBRARIES = YES;
				BUNDLE_LOADER = "$(TEST_HOST)";
				CODE_SIGN_STYLE = Automatic;
				CURRENT_PROJECT_VERSION = 1;
				GENERATE_INFOPLIST_FILE = YES;
				IPHONEOS_DEPLOYMENT_TARGET = 17.0;
				MARKETING_VERSION = 1.0;
				PRODUCT_BUNDLE_IDENTIFIER = square.mealplannerTests;
				PRODUCT_NAME = "$(TARGET_NAME)";
				SWIFT_EMIT_LOC_STRINGS = NO;
				SWIFT_VERSION = 5.0;
				TARGETED_DEVICE_FAMILY = "1,2";
				TEST_HOST = "$(BUILT_PRODUCTS_DIR)/mealplanner.app/$(BUNDLE_EXECUTABLE_FOLDER_PATH)/mealplanner";
			};
			name = Debug;
		};
		1CB391352B0EBE2000507A19 /* Release */ = {
			isa = XCBuildConfiguration;
			buildSettings = {
				ALWAYS_EMBED_SWIFT_STANDARD_LIBRARIES = YES;
				BUNDLE_LOADER = "$(TEST_HOST)";
				CODE_SIGN_STYLE = Automatic;
				CURRENT_PROJECT_VERSION = 1;
				GENERATE_INFOPLIST_FILE = YES;
				IPHONEOS_DEPLOYMENT_TARGET = 17.0;
				MARKETING_VERSION = 1.0;
				PRODUCT_BUNDLE_IDENTIFIER = square.mealplannerTests;
				PRODUCT_NAME = "$(TARGET_NAME)";
				SWIFT_EMIT_LOC_STRINGS = NO;
				SWIFT_VERSION = 5.0;
				TARGETED_DEVICE_FAMILY = "1,2";
				TEST_HOST = "$(BUILT_PRODUCTS_DIR)/mealplanner.app/$(BUNDLE_EXECUTABLE_FOLDER_PATH)/mealplanner";
			};
			name = Release;
		};
		1CB391372B0EBE2000507A19 /* Debug */ = {
			isa = XCBuildConfiguration;
			buildSettings = {
				ALWAYS_EMBED_SWIFT_STANDARD_LIBRARIES = YES;
				CODE_SIGN_STYLE = Automatic;
				CURRENT_PROJECT_VERSION = 1;
				GENERATE_INFOPLIST_FILE = YES;
				MARKETING_VERSION = 1.0;
				PRODUCT_BUNDLE_IDENTIFIER = square.mealplannerUITests;
				PRODUCT_NAME = "$(TARGET_NAME)";
				SWIFT_EMIT_LOC_STRINGS = NO;
				SWIFT_VERSION = 5.0;
				TARGETED_DEVICE_FAMILY = "1,2";
				TEST_TARGET_NAME = mealplanner;
			};
			name = Debug;
		};
		1CB391382B0EBE2000507A19 /* Release */ = {
			isa = XCBuildConfiguration;
			buildSettings = {
				ALWAYS_EMBED_SWIFT_STANDARD_LIBRARIES = YES;
				CODE_SIGN_STYLE = Automatic;
				CURRENT_PROJECT_VERSION = 1;
				GENERATE_INFOPLIST_FILE = YES;
				MARKETING_VERSION = 1.0;
				PRODUCT_BUNDLE_IDENTIFIER = square.mealplannerUITests;
				PRODUCT_NAME = "$(TARGET_NAME)";
				SWIFT_EMIT_LOC_STRINGS = NO;
				SWIFT_VERSION = 5.0;
				TARGETED_DEVICE_FAMILY = "1,2";
				TEST_TARGET_NAME = mealplanner;
			};
			name = Release;
		};
/* End XCBuildConfiguration section */

/* Begin XCConfigurationList section */
		1CB391072B0EBE1E00507A19 /* Build configuration list for PBXProject "mealplanner" */ = {
			isa = XCConfigurationList;
			buildConfigurations = (
				1CB3912E2B0EBE2000507A19 /* Debug */,
				1CB3912F2B0EBE2000507A19 /* Release */,
			);
			defaultConfigurationIsVisible = 0;
			defaultConfigurationName = Release;
		};
		1CB391302B0EBE2000507A19 /* Build configuration list for PBXNativeTarget "mealplanner" */ = {
			isa = XCConfigurationList;
			buildConfigurations = (
				1CB391312B0EBE2000507A19 /* Debug */,
				1CB391322B0EBE2000507A19 /* Release */,
			);
			defaultConfigurationIsVisible = 0;
			defaultConfigurationName = Release;
		};
		1CB391332B0EBE2000507A19 /* Build configuration list for PBXNativeTarget "mealplannerTests" */ = {
			isa = XCConfigurationList;
			buildConfigurations = (
				1CB391342B0EBE2000507A19 /* Debug */,
				1CB391352B0EBE2000507A19 /* Release */,
			);
			defaultConfigurationIsVisible = 0;
			defaultConfigurationName = Release;
		};
		1CB391362B0EBE2000507A19 /* Build configuration list for PBXNativeTarget "mealplannerUITests" */ = {
			isa = XCConfigurationList;
			buildConfigurations = (
				1CB391372B0EBE2000507A19 /* Debug */,
				1CB391382B0EBE2000507A19 /* Release */,
			);
			defaultConfigurationIsVisible = 0;
			defaultConfigurationName = Release;
		};
/* End XCConfigurationList section */
	};
	rootObject = 1CB391042B0EBE1E00507A19 /* Project object */;
}
